SITE
  remote: https://supermarket.getchef.com/api/v1
  specs:
    apache2 (3.1.0)
    apt (2.9.2)
    bluepill (2.4.1)
      rsyslog (~> 2.0)
    build-essential (2.2.4)
    chef-client (4.3.1)
      cron (>= 1.2.0)
      logrotate (>= 1.2.0)
      windows (~> 1.37)
    chef-sugar (3.2.0)
    chef_handler (1.2.0)
    cron (1.7.0)
    iis (4.1.5)
      windows (>= 1.34.6)
    logrotate (1.9.2)
    mysql (6.1.2)
      smf (>= 0.0.0)
      yum-mysql-community (>= 0.0.0)
    nagios (7.2.4)
      apache2 (>= 2.0)
      build-essential (>= 0.0.0)
      nginx (>= 0.0.0)
      nginx_simplecgi (>= 0.0.0)
      nrpe (>= 0.0.0)
      php (>= 0.0.0)
      yum-epel (>= 0.0.0)
      zap (>= 0.6.0)
    nginx (2.7.6)
      apt (~> 2.2)
      bluepill (~> 2.3)
      build-essential (~> 2.0)
      ohai (~> 2.0)
      runit (~> 1.2)
      yum-epel (~> 0.3)
    nginx_simplecgi (0.1.2)
      bluepill (>= 0.0.0)
      nginx (>= 0.0.0)
      perl (>= 0.0.0)
      runit (>= 0.0.0)
    nrpe (1.5.2)
      build-essential (>= 0.0.0)
      yum-epel (>= 0.0.0)
    ohai (2.0.4)
    packagecloud (0.1.1)
    perl (2.0.0)
    php (1.7.2)
      build-essential (>= 0.0.0)
      iis (>= 0.0.0)
      mysql (>= 6.0.0)
      windows (>= 0.0.0)
      xml (>= 0.0.0)
      yum-epel (>= 0.0.0)
    poise (2.4.0)
    poise-languages (1.2.0)
      poise (~> 2.3)
    poise-python (1.0.0)
      poise (~> 2.0)
      poise-languages (~> 1.0)
    rbac (1.0.3)
    rsyslog (2.2.0)
    runit (1.7.4)
      packagecloud (>= 0.0.0)
    smf (2.2.7)
      rbac (>= 1.0.1)
    windows (1.38.4)
      chef_handler (>= 0.0.0)
    xml (2.0.0)
      build-essential (>= 0.0.0)
      chef-sugar (>= 0.0.0)
    yum (3.8.2)
    yum-epel (0.6.5)
      yum (~> 3.2)
    yum-mysql-community (0.1.21)
      yum (>= 3.2)
    zap (0.11.2)

PATH
  remote: .
  specs:
    nagios (0.0.0)
      chef-client (>= 0.0.0)
      nagios (>= 0.0.0)
      nrpe (>= 0.0.0)
      poise-python (>= 0.0.0)

DEPENDENCIES
  nagios (>= 0)
  chef-client (= 4.3.1)
  nagios (= 7.2.4)
  nrpe (= 1.5.2)
  poise-python (= 1.0.0)

